
Microsoft Visual Studio Solution File, Format Version 12.00
# Visual Studio Version 16
VisualStudioVersion = 16.0.31605.320
MinimumVisualStudioVersion = 10.0.40219.1
Project("{FAE04EC0-301F-11D3-BF4B-00C04F79EFBC}") = "prjASP_Login", "prjASP_Login\prjASP_Login.csproj", "{01E1C126-BF58-4E01-9DC3-AA7EC6DF1CA8}"
EndProject
Global
	GlobalSection(SolutionConfigurationPlatforms) = preSolution
		Debug|Any CPU = Debug|Any CPU
		Release|Any CPU = Release|Any CPU
	EndGlobalSection
	GlobalSection(ProjectConfigurationPlatforms) = postSolution
		{01E1C126-BF58-4E01-9DC3-AA7EC6DF1CA8}.Debug|Any CPU.ActiveCfg = Debug|Any CPU
		{01E1C126-BF58-4E01-9DC3-AA7EC6DF1CA8}.Debug|Any CPU.Build.0 = Debug|Any CPU
		{01E1C126-BF58-4E01-9DC3-AA7EC6DF1CA8}.Release|Any CPU.ActiveCfg = Release|Any CPU
		{01E1C126-BF58-4E01-9DC3-AA7EC6DF1CA8}.Release|Any CPU.Build.0 = Release|Any CPU
	EndGlobalSection
	GlobalSection(SolutionProperties) = preSolution
		HideSolutionNode = FALSE
	EndGlobalSection
	GlobalSection(ExtensibilityGlobals) = postSolution
		SolutionGuid = {EFA5D422-5A56-4679-8260-BA188037599D}
	EndGlobalSection
EndGlobal
